
Microsoft Visual Studio Solution File, Format Version 12.00
# Visual Studio 14
VisualStudioVersion = 14.0.25420.1
MinimumVisualStudioVersion = 10.0.40219.1
Project("{FAE04EC0-301F-11D3-BF4B-00C04F79EFBC}") = "RedisList", "RedisList\RedisList.csproj", "{9495B67D-E071-457B-A381-D9DD4E2AB86A}"
EndProject
Global
	GlobalSection(SolutionConfigurationPlatforms) = preSolution
		Debug|Any CPU = Debug|Any CPU
		Release|Any CPU = Release|Any CPU
	EndGlobalSection
	GlobalSection(ProjectConfigurationPlatforms) = postSolution
		{9495B67D-E071-457B-A381-D9DD4E2AB86A}.Debug|Any CPU.ActiveCfg = Debug|Any CPU
		{9495B67D-E071-457B-A381-D9DD4E2AB86A}.Debug|Any CPU.Build.0 = Debug|Any CPU
		{9495B67D-E071-457B-A381-D9DD4E2AB86A}.Release|Any CPU.ActiveCfg = Release|Any CPU
		{9495B67D-E071-457B-A381-D9DD4E2AB86A}.Release|Any CPU.Build.0 = Release|Any CPU
	EndGlobalSection
	GlobalSection(SolutionProperties) = preSolution
		HideSolutionNode = FALSE
	EndGlobalSection
EndGlobal
